
Microsoft Visual Studio Solution File, Format Version 12.00
# Visual Studio 15
VisualStudioVersion = 15.0.27004.2002
MinimumVisualStudioVersion = 10.0.40219.1
Project("{FAE04EC0-301F-11D3-BF4B-00C04F79EFBC}") = "Task_2", "Task_2\Task_2.csproj", "{4A293627-5FA4-419F-AD7D-7B0F8024637A}"
EndProject
Project("{FAE04EC0-301F-11D3-BF4B-00C04F79EFBC}") = "Game_Asteroid", "Game_Asteroid\Game_Asteroid.csproj", "{3241281A-F7ED-4193-8744-95A8F72B6E33}"
EndProject
Project("{FAE04EC0-301F-11D3-BF4B-00C04F79EFBC}") = "Task_3", "Task_3\Task_3.csproj", "{568B165F-1B80-4723-9FBF-EA512F60B18B}"
EndProject
Global
	GlobalSection(SolutionConfigurationPlatforms) = preSolution
		Debug|Any CPU = Debug|Any CPU
		Release|Any CPU = Release|Any CPU
	EndGlobalSection
	GlobalSection(ProjectConfigurationPlatforms) = postSolution
		{4A293627-5FA4-419F-AD7D-7B0F8024637A}.Debug|Any CPU.ActiveCfg = Debug|Any CPU
		{4A293627-5FA4-419F-AD7D-7B0F8024637A}.Debug|Any CPU.Build.0 = Debug|Any CPU
		{4A293627-5FA4-419F-AD7D-7B0F8024637A}.Release|Any CPU.ActiveCfg = Release|Any CPU
		{4A293627-5FA4-419F-AD7D-7B0F8024637A}.Release|Any CPU.Build.0 = Release|Any CPU
		{3241281A-F7ED-4193-8744-95A8F72B6E33}.Debug|Any CPU.ActiveCfg = Debug|Any CPU
		{3241281A-F7ED-4193-8744-95A8F72B6E33}.Debug|Any CPU.Build.0 = Debug|Any CPU
		{3241281A-F7ED-4193-8744-95A8F72B6E33}.Release|Any CPU.ActiveCfg = Release|Any CPU
		{3241281A-F7ED-4193-8744-95A8F72B6E33}.Release|Any CPU.Build.0 = Release|Any CPU
		{568B165F-1B80-4723-9FBF-EA512F60B18B}.Debug|Any CPU.ActiveCfg = Debug|Any CPU
		{568B165F-1B80-4723-9FBF-EA512F60B18B}.Debug|Any CPU.Build.0 = Debug|Any CPU
		{568B165F-1B80-4723-9FBF-EA512F60B18B}.Release|Any CPU.ActiveCfg = Release|Any CPU
		{568B165F-1B80-4723-9FBF-EA512F60B18B}.Release|Any CPU.Build.0 = Release|Any CPU
	EndGlobalSection
	GlobalSection(SolutionProperties) = preSolution
		HideSolutionNode = FALSE
	EndGlobalSection
	GlobalSection(ExtensibilityGlobals) = postSolution
		SolutionGuid = {71BE06A9-AE2A-4181-8D1F-ED33DEEE040B}
	EndGlobalSection
EndGlobal
