
Microsoft Visual Studio Solution File, Format Version 12.00
# Visual Studio 15
VisualStudioVersion = 15.0.27004.2002
MinimumVisualStudioVersion = 10.0.40219.1
Project("{FAE04EC0-301F-11D3-BF4B-00C04F79EFBC}") = "Task_1", "Task_1\Task_1.csproj", "{D102A07C-6B56-457F-A9A6-D2AA2A5FCBCC}"
EndProject
Project("{FAE04EC0-301F-11D3-BF4B-00C04F79EFBC}") = "Game_Asteroid", "Game_Asteroid\Game_Asteroid.csproj", "{3241281A-F7ED-4193-8744-95A8F72B6E33}"
EndProject
Global
	GlobalSection(SolutionConfigurationPlatforms) = preSolution
		Debug|Any CPU = Debug|Any CPU
		Release|Any CPU = Release|Any CPU
	EndGlobalSection
	GlobalSection(ProjectConfigurationPlatforms) = postSolution
		{D102A07C-6B56-457F-A9A6-D2AA2A5FCBCC}.Debug|Any CPU.ActiveCfg = Debug|Any CPU
		{D102A07C-6B56-457F-A9A6-D2AA2A5FCBCC}.Debug|Any CPU.Build.0 = Debug|Any CPU
		{D102A07C-6B56-457F-A9A6-D2AA2A5FCBCC}.Release|Any CPU.ActiveCfg = Release|Any CPU
		{D102A07C-6B56-457F-A9A6-D2AA2A5FCBCC}.Release|Any CPU.Build.0 = Release|Any CPU
		{3241281A-F7ED-4193-8744-95A8F72B6E33}.Debug|Any CPU.ActiveCfg = Debug|Any CPU
		{3241281A-F7ED-4193-8744-95A8F72B6E33}.Debug|Any CPU.Build.0 = Debug|Any CPU
		{3241281A-F7ED-4193-8744-95A8F72B6E33}.Release|Any CPU.ActiveCfg = Release|Any CPU
		{3241281A-F7ED-4193-8744-95A8F72B6E33}.Release|Any CPU.Build.0 = Release|Any CPU
	EndGlobalSection
	GlobalSection(SolutionProperties) = preSolution
		HideSolutionNode = FALSE
	EndGlobalSection
	GlobalSection(ExtensibilityGlobals) = postSolution
		SolutionGuid = {8CDB2FA3-E5DB-4C19-95D7-CED19D688229}
	EndGlobalSection
EndGlobal
