
Microsoft Visual Studio Solution File, Format Version 12.00
# Visual Studio 15
VisualStudioVersion = 15.0.27004.2002
MinimumVisualStudioVersion = 10.0.40219.1
Project("{FAE04EC0-301F-11D3-BF4B-00C04F79EFBC}") = "Game_Asteroid", "Game_Asteroid\Game_Asteroid.csproj", "{3241281A-F7ED-4193-8744-95A8F72B6E33}"
EndProject
Project("{FAE04EC0-301F-11D3-BF4B-00C04F79EFBC}") = "Lesson_3", "Lesson_3\Lesson_3.csproj", "{1DA501AA-FCE9-41B8-B2B1-BBD7052DFB07}"
EndProject
Global
	GlobalSection(SolutionConfigurationPlatforms) = preSolution
		Debug|Any CPU = Debug|Any CPU
		Release|Any CPU = Release|Any CPU
	EndGlobalSection
	GlobalSection(ProjectConfigurationPlatforms) = postSolution
		{3241281A-F7ED-4193-8744-95A8F72B6E33}.Debug|Any CPU.ActiveCfg = Debug|Any CPU
		{3241281A-F7ED-4193-8744-95A8F72B6E33}.Debug|Any CPU.Build.0 = Debug|Any CPU
		{3241281A-F7ED-4193-8744-95A8F72B6E33}.Release|Any CPU.ActiveCfg = Release|Any CPU
		{3241281A-F7ED-4193-8744-95A8F72B6E33}.Release|Any CPU.Build.0 = Release|Any CPU
		{1DA501AA-FCE9-41B8-B2B1-BBD7052DFB07}.Debug|Any CPU.ActiveCfg = Debug|Any CPU
		{1DA501AA-FCE9-41B8-B2B1-BBD7052DFB07}.Debug|Any CPU.Build.0 = Debug|Any CPU
		{1DA501AA-FCE9-41B8-B2B1-BBD7052DFB07}.Release|Any CPU.ActiveCfg = Release|Any CPU
		{1DA501AA-FCE9-41B8-B2B1-BBD7052DFB07}.Release|Any CPU.Build.0 = Release|Any CPU
	EndGlobalSection
	GlobalSection(SolutionProperties) = preSolution
		HideSolutionNode = FALSE
	EndGlobalSection
	GlobalSection(ExtensibilityGlobals) = postSolution
		SolutionGuid = {83634865-8601-472F-AC99-36A9B3802FAC}
	EndGlobalSection
EndGlobal
